// !$*UTF8*$!
{
	archiveVersion = 1;
	classes = {
	};
	objectVersion = 46;
	objects = {

/* Begin PBXBuildFile section */
		46E8666C1D1454CF0044F5B4 /* AppDelegate.swift in Sources */ = {isa = PBXBuildFile; fileRef = 46E8666B1D1454CF0044F5B4 /* AppDelegate.swift */; };
		46E866711D1454CF0044F5B4 /* Main.storyboard in Resources */ = {isa = PBXBuildFile; fileRef = 46E8666F1D1454CF0044F5B4 /* Main.storyboard */; };
		46E866731D1454CF0044F5B4 /* Assets.xcassets in Resources */ = {isa = PBXBuildFile; fileRef = 46E866721D1454CF0044F5B4 /* Assets.xcassets */; };
		46E866761D1454CF0044F5B4 /* LaunchScreen.storyboard in Resources */ = {isa = PBXBuildFile; fileRef = 46E866741D1454CF0044F5B4 /* LaunchScreen.storyboard */; };
		46E866811D1454CF0044F5B4 /* Virtual_TouristTests.swift in Sources */ = {isa = PBXBuildFile; fileRef = 46E866801D1454CF0044F5B4 /* Virtual_TouristTests.swift */; };
		46E8668C1D1454CF0044F5B4 /* Virtual_TouristUITests.swift in Sources */ = {isa = PBXBuildFile; fileRef = 46E8668B1D1454CF0044F5B4 /* Virtual_TouristUITests.swift */; };
		46E8669A1D1456CC0044F5B4 /* TravelLocationsMapViewController.swift in Sources */ = {isa = PBXBuildFile; fileRef = 46E866991D1456CC0044F5B4 /* TravelLocationsMapViewController.swift */; };
		46E8669D1D147D2F0044F5B4 /* PhotoAlbumViewController.swift in Sources */ = {isa = PBXBuildFile; fileRef = 46E8669C1D147D2F0044F5B4 /* PhotoAlbumViewController.swift */; };
		46E866A01D1522010044F5B4 /* Model.xcdatamodeld in Sources */ = {isa = PBXBuildFile; fileRef = 46E8669E1D1522010044F5B4 /* Model.xcdatamodeld */; };
		46E866A71D1523E20044F5B4 /* CoreDataStack.swift in Sources */ = {isa = PBXBuildFile; fileRef = 46E866A61D1523E20044F5B4 /* CoreDataStack.swift */; };
		46E866AA1D1535F50044F5B4 /* FlickrClient.swift in Sources */ = {isa = PBXBuildFile; fileRef = 46E866A91D1535F50044F5B4 /* FlickrClient.swift */; };
		46E866AC1D1536010044F5B4 /* FlickrConstants.swift in Sources */ = {isa = PBXBuildFile; fileRef = 46E866AB1D1536010044F5B4 /* FlickrConstants.swift */; };
		46E866AE1D1536120044F5B4 /* FlickrConvenience.swift in Sources */ = {isa = PBXBuildFile; fileRef = 46E866AD1D1536120044F5B4 /* FlickrConvenience.swift */; };
		46E866C71D1580610044F5B4 /* gcd_blackbox.swift in Sources */ = {isa = PBXBuildFile; fileRef = 46E866C61D1580610044F5B4 /* gcd_blackbox.swift */; };
		46E866C91D15EDE60044F5B4 /* PhotoCollectionViewCell.swift in Sources */ = {isa = PBXBuildFile; fileRef = 46E866C81D15EDE60044F5B4 /* PhotoCollectionViewCell.swift */; };
		46E866CB1D16911E0044F5B4 /* placeholder.jpeg in Resources */ = {isa = PBXBuildFile; fileRef = 46E866CA1D16911E0044F5B4 /* placeholder.jpeg */; };
		46E866DE1D16CC280044F5B4 /* Photos+CoreDataProperties.swift in Sources */ = {isa = PBXBuildFile; fileRef = 46E866DA1D16CC280044F5B4 /* Photos+CoreDataProperties.swift */; };
		46E866DF1D16CC280044F5B4 /* Photos.swift in Sources */ = {isa = PBXBuildFile; fileRef = 46E866DB1D16CC280044F5B4 /* Photos.swift */; };
		46E866E01D16CC280044F5B4 /* Pins+CoreDataProperties.swift in Sources */ = {isa = PBXBuildFile; fileRef = 46E866DC1D16CC280044F5B4 /* Pins+CoreDataProperties.swift */; };
		46E866E11D16CC280044F5B4 /* Pins.swift in Sources */ = {isa = PBXBuildFile; fileRef = 46E866DD1D16CC280044F5B4 /* Pins.swift */; };
/* End PBXBuildFile section */

/* Begin PBXContainerItemProxy section */
		46E8667D1D1454CF0044F5B4 /* PBXContainerItemProxy */ = {
			isa = PBXContainerItemProxy;
			containerPortal = 46E866601D1454CF0044F5B4 /* Project object */;
			proxyType = 1;
			remoteGlobalIDString = 46E866671D1454CF0044F5B4;
			remoteInfo = "Virtual Tourist";
		};
		46E866881D1454CF0044F5B4 /* PBXContainerItemProxy */ = {
			isa = PBXContainerItemProxy;
			containerPortal = 46E866601D1454CF0044F5B4 /* Project object */;
			proxyType = 1;
			remoteGlobalIDString = 46E866671D1454CF0044F5B4;
			remoteInfo = "Virtual Tourist";
		};
/* End PBXContainerItemProxy section */

/* Begin PBXFileReference section */
		46E866681D1454CF0044F5B4 /* Virtual Tourist.app */ = {isa = PBXFileReference; explicitFileType = wrapper.application; includeInIndex = 0; path = "Virtual Tourist.app"; sourceTree = BUILT_PRODUCTS_DIR; };
		46E8666B1D1454CF0044F5B4 /* AppDelegate.swift */ = {isa = PBXFileReference; lastKnownFileType = sourcecode.swift; path = AppDelegate.swift; sourceTree = "<group>"; };
		46E866701D1454CF0044F5B4 /* Base */ = {isa = PBXFileReference; lastKnownFileType = file.storyboard; name = Base; path = Base.lproj/Main.storyboard; sourceTree = "<group>"; };
		46E866721D1454CF0044F5B4 /* Assets.xcassets */ = {isa = PBXFileReference; lastKnownFileType = folder.assetcatalog; path = Assets.xcassets; sourceTree = "<group>"; };
		46E866751D1454CF0044F5B4 /* Base */ = {isa = PBXFileReference; lastKnownFileType = file.storyboard; name = Base; path = Base.lproj/LaunchScreen.storyboard; sourceTree = "<group>"; };
		46E866771D1454CF0044F5B4 /* Info.plist */ = {isa = PBXFileReference; lastKnownFileType = text.plist.xml; path = Info.plist; sourceTree = "<group>"; };
		46E8667C1D1454CF0044F5B4 /* Virtual TouristTests.xctest */ = {isa = PBXFileReference; explicitFileType = wrapper.cfbundle; includeInIndex = 0; path = "Virtual TouristTests.xctest"; sourceTree = BUILT_PRODUCTS_DIR; };
		46E866801D1454CF0044F5B4 /* Virtual_TouristTests.swift */ = {isa = PBXFileReference; lastKnownFileType = sourcecode.swift; path = Virtual_TouristTests.swift; sourceTree = "<group>"; };
		46E866821D1454CF0044F5B4 /* Info.plist */ = {isa = PBXFileReference; lastKnownFileType = text.plist.xml; path = Info.plist; sourceTree = "<group>"; };
		46E866871D1454CF0044F5B4 /* Virtual TouristUITests.xctest */ = {isa = PBXFileReference; explicitFileType = wrapper.cfbundle; includeInIndex = 0; path = "Virtual TouristUITests.xctest"; sourceTree = BUILT_PRODUCTS_DIR; };
		46E8668B1D1454CF0044F5B4 /* Virtual_TouristUITests.swift */ = {isa = PBXFileReference; lastKnownFileType = sourcecode.swift; path = Virtual_TouristUITests.swift; sourceTree = "<group>"; };
		46E8668D1D1454CF0044F5B4 /* Info.plist */ = {isa = PBXFileReference; lastKnownFileType = text.plist.xml; path = Info.plist; sourceTree = "<group>"; };
		46E866991D1456CC0044F5B4 /* TravelLocationsMapViewController.swift */ = {isa = PBXFileReference; fileEncoding = 4; lastKnownFileType = sourcecode.swift; path = TravelLocationsMapViewController.swift; sourceTree = "<group>"; };
		46E8669C1D147D2F0044F5B4 /* PhotoAlbumViewController.swift */ = {isa = PBXFileReference; fileEncoding = 4; lastKnownFileType = sourcecode.swift; path = PhotoAlbumViewController.swift; sourceTree = "<group>"; };
		46E8669F1D1522010044F5B4 /* Model.xcdatamodel */ = {isa = PBXFileReference; lastKnownFileType = wrapper.xcdatamodel; path = Model.xcdatamodel; sourceTree = "<group>"; };
		46E866A61D1523E20044F5B4 /* CoreDataStack.swift */ = {isa = PBXFileReference; fileEncoding = 4; lastKnownFileType = sourcecode.swift; path = CoreDataStack.swift; sourceTree = "<group>"; };
		46E866A91D1535F50044F5B4 /* FlickrClient.swift */ = {isa = PBXFileReference; fileEncoding = 4; lastKnownFileType = sourcecode.swift; path = FlickrClient.swift; sourceTree = "<group>"; };
		46E866AB1D1536010044F5B4 /* FlickrConstants.swift */ = {isa = PBXFileReference; fileEncoding = 4; lastKnownFileType = sourcecode.swift; path = FlickrConstants.swift; sourceTree = "<group>"; };
		46E866AD1D1536120044F5B4 /* FlickrConvenience.swift */ = {isa = PBXFileReference; fileEncoding = 4; lastKnownFileType = sourcecode.swift; path = FlickrConvenience.swift; sourceTree = "<group>"; };
		46E866AF1D154AAB0044F5B4 /* Model2.xcdatamodel */ = {isa = PBXFileReference; lastKnownFileType = wrapper.xcdatamodel; path = Model2.xcdatamodel; sourceTree = "<group>"; };
		46E866B01D15546B0044F5B4 /* Model3.xcdatamodel */ = {isa = PBXFileReference; lastKnownFileType = wrapper.xcdatamodel; path = Model3.xcdatamodel; sourceTree = "<group>"; };
		46E866C61D1580610044F5B4 /* gcd_blackbox.swift */ = {isa = PBXFileReference; fileEncoding = 4; lastKnownFileType = sourcecode.swift; path = gcd_blackbox.swift; sourceTree = "<group>"; };
		46E866C81D15EDE60044F5B4 /* PhotoCollectionViewCell.swift */ = {isa = PBXFileReference; fileEncoding = 4; lastKnownFileType = sourcecode.swift; path = PhotoCollectionViewCell.swift; sourceTree = "<group>"; };
		46E866CA1D16911E0044F5B4 /* placeholder.jpeg */ = {isa = PBXFileReference; lastKnownFileType = image.jpeg; path = placeholder.jpeg; sourceTree = "<group>"; };
		46E866CC1D16C7930044F5B4 /* Model4.xcdatamodel */ = {isa = PBXFileReference; lastKnownFileType = wrapper.xcdatamodel; path = Model4.xcdatamodel; sourceTree = "<group>"; };
		46E866D91D16CB2F0044F5B4 /* Model5.xcdatamodel */ = {isa = PBXFileReference; lastKnownFileType = wrapper.xcdatamodel; path = Model5.xcdatamodel; sourceTree = "<group>"; };
		46E866DA1D16CC280044F5B4 /* Photos+CoreDataProperties.swift */ = {isa = PBXFileReference; fileEncoding = 4; lastKnownFileType = sourcecode.swift; path = "Photos+CoreDataProperties.swift"; sourceTree = "<group>"; };
		46E866DB1D16CC280044F5B4 /* Photos.swift */ = {isa = PBXFileReference; fileEncoding = 4; lastKnownFileType = sourcecode.swift; path = Photos.swift; sourceTree = "<group>"; };
		46E866DC1D16CC280044F5B4 /* Pins+CoreDataProperties.swift */ = {isa = PBXFileReference; fileEncoding = 4; lastKnownFileType = sourcecode.swift; path = "Pins+CoreDataProperties.swift"; sourceTree = "<group>"; };
		46E866DD1D16CC280044F5B4 /* Pins.swift */ = {isa = PBXFileReference; fileEncoding = 4; lastKnownFileType = sourcecode.swift; path = Pins.swift; sourceTree = "<group>"; };
/* End PBXFileReference section */

/* Begin PBXFrameworksBuildPhase section */
		46E866651D1454CF0044F5B4 /* Frameworks */ = {
			isa = PBXFrameworksBuildPhase;
			buildActionMask = 2147483647;
			files = (
			);
			runOnlyForDeploymentPostprocessing = 0;
		};
		46E866791D1454CF0044F5B4 /* Frameworks */ = {
			isa = PBXFrameworksBuildPhase;
			buildActionMask = 2147483647;
			files = (
			);
			runOnlyForDeploymentPostprocessing = 0;
		};
		46E866841D1454CF0044F5B4 /* Frameworks */ = {
			isa = PBXFrameworksBuildPhase;
			buildActionMask = 2147483647;
			files = (
			);
			runOnlyForDeploymentPostprocessing = 0;
		};
/* End PBXFrameworksBuildPhase section */

/* Begin PBXGroup section */
		46E8665F1D1454CF0044F5B4 = {
			isa = PBXGroup;
			children = (
				46E8666A1D1454CF0044F5B4 /* Virtual Tourist */,
				46E866C51D15804A0044F5B4 /* GCD Blackbox */,
				46E8667F1D1454CF0044F5B4 /* Virtual TouristTests */,
				46E8668A1D1454CF0044F5B4 /* Virtual TouristUITests */,
				46E866691D1454CF0044F5B4 /* Products */,
			);
			sourceTree = "<group>";
		};
		46E866691D1454CF0044F5B4 /* Products */ = {
			isa = PBXGroup;
			children = (
				46E866681D1454CF0044F5B4 /* Virtual Tourist.app */,
				46E8667C1D1454CF0044F5B4 /* Virtual TouristTests.xctest */,
				46E866871D1454CF0044F5B4 /* Virtual TouristUITests.xctest */,
			);
			name = Products;
			sourceTree = "<group>";
		};
		46E8666A1D1454CF0044F5B4 /* Virtual Tourist */ = {
			isa = PBXGroup;
			children = (
				46E8669B1D14594A0044F5B4 /* Controllers */,
				46E866A51D1522AA0044F5B4 /* Model */,
				46E866CA1D16911E0044F5B4 /* placeholder.jpeg */,
				46E8666B1D1454CF0044F5B4 /* AppDelegate.swift */,
				46E8666F1D1454CF0044F5B4 /* Main.storyboard */,
				46E866721D1454CF0044F5B4 /* Assets.xcassets */,
				46E866741D1454CF0044F5B4 /* LaunchScreen.storyboard */,
				46E866771D1454CF0044F5B4 /* Info.plist */,
			);
			path = "Virtual Tourist";
			sourceTree = "<group>";
		};
		46E8667F1D1454CF0044F5B4 /* Virtual TouristTests */ = {
			isa = PBXGroup;
			children = (
				46E866801D1454CF0044F5B4 /* Virtual_TouristTests.swift */,
				46E866821D1454CF0044F5B4 /* Info.plist */,
			);
			path = "Virtual TouristTests";
			sourceTree = "<group>";
		};
		46E8668A1D1454CF0044F5B4 /* Virtual TouristUITests */ = {
			isa = PBXGroup;
			children = (
				46E8668B1D1454CF0044F5B4 /* Virtual_TouristUITests.swift */,
				46E8668D1D1454CF0044F5B4 /* Info.plist */,
			);
			path = "Virtual TouristUITests";
			sourceTree = "<group>";
		};
		46E8669B1D14594A0044F5B4 /* Controllers */ = {
			isa = PBXGroup;
			children = (
				46E866991D1456CC0044F5B4 /* TravelLocationsMapViewController.swift */,
				46E8669C1D147D2F0044F5B4 /* PhotoAlbumViewController.swift */,
				46E866C81D15EDE60044F5B4 /* PhotoCollectionViewCell.swift */,
			);
			name = Controllers;
			sourceTree = "<group>";
		};
		46E866A51D1522AA0044F5B4 /* Model */ = {
			isa = PBXGroup;
			children = (
				46E866DA1D16CC280044F5B4 /* Photos+CoreDataProperties.swift */,
				46E866DB1D16CC280044F5B4 /* Photos.swift */,
				46E866DC1D16CC280044F5B4 /* Pins+CoreDataProperties.swift */,
				46E866DD1D16CC280044F5B4 /* Pins.swift */,
				46E8669E1D1522010044F5B4 /* Model.xcdatamodeld */,
				46E866A61D1523E20044F5B4 /* CoreDataStack.swift */,
				46E866A81D1535DF0044F5B4 /* Flickr */,
			);
			name = Model;
			path = ..;
			sourceTree = "<group>";
		};
		46E866A81D1535DF0044F5B4 /* Flickr */ = {
			isa = PBXGroup;
			children = (
				46E866A91D1535F50044F5B4 /* FlickrClient.swift */,
				46E866AB1D1536010044F5B4 /* FlickrConstants.swift */,
				46E866AD1D1536120044F5B4 /* FlickrConvenience.swift */,
			);
			name = Flickr;
			sourceTree = "<group>";
		};
		46E866C51D15804A0044F5B4 /* GCD Blackbox */ = {
			isa = PBXGroup;
			children = (
				46E866C61D1580610044F5B4 /* gcd_blackbox.swift */,
			);
			name = "GCD Blackbox";
			sourceTree = "<group>";
		};
/* End PBXGroup section */

/* Begin PBXNativeTarget section */
		46E866671D1454CF0044F5B4 /* Virtual Tourist */ = {
			isa = PBXNativeTarget;
			buildConfigurationList = 46E866901D1454CF0044F5B4 /* Build configuration list for PBXNativeTarget "Virtual Tourist" */;
			buildPhases = (
				46E866641D1454CF0044F5B4 /* Sources */,
				46E866651D1454CF0044F5B4 /* Frameworks */,
				46E866661D1454CF0044F5B4 /* Resources */,
			);
			buildRules = (
			);
			dependencies = (
			);
			name = "Virtual Tourist";
			productName = "Virtual Tourist";
			productReference = 46E866681D1454CF0044F5B4 /* Virtual Tourist.app */;
			productType = "com.apple.product-type.application";
		};
		46E8667B1D1454CF0044F5B4 /* Virtual TouristTests */ = {
			isa = PBXNativeTarget;
			buildConfigurationList = 46E866931D1454CF0044F5B4 /* Build configuration list for PBXNativeTarget "Virtual TouristTests" */;
			buildPhases = (
				46E866781D1454CF0044F5B4 /* Sources */,
				46E866791D1454CF0044F5B4 /* Frameworks */,
				46E8667A1D1454CF0044F5B4 /* Resources */,
			);
			buildRules = (
			);
			dependencies = (
				46E8667E1D1454CF0044F5B4 /* PBXTargetDependency */,
			);
			name = "Virtual TouristTests";
			productName = "Virtual TouristTests";
			productReference = 46E8667C1D1454CF0044F5B4 /* Virtual TouristTests.xctest */;
			productType = "com.apple.product-type.bundle.unit-test";
		};
		46E866861D1454CF0044F5B4 /* Virtual TouristUITests */ = {
			isa = PBXNativeTarget;
			buildConfigurationList = 46E866961D1454CF0044F5B4 /* Build configuration list for PBXNativeTarget "Virtual TouristUITests" */;
			buildPhases = (
				46E866831D1454CF0044F5B4 /* Sources */,
				46E866841D1454CF0044F5B4 /* Frameworks */,
				46E866851D1454CF0044F5B4 /* Resources */,
			);
			buildRules = (
			);
			dependencies = (
				46E866891D1454CF0044F5B4 /* PBXTargetDependency */,
			);
			name = "Virtual TouristUITests";
			productName = "Virtual TouristUITests";
			productReference = 46E866871D1454CF0044F5B4 /* Virtual TouristUITests.xctest */;
			productType = "com.apple.product-type.bundle.ui-testing";
		};
/* End PBXNativeTarget section */

/* Begin PBXProject section */
		46E866601D1454CF0044F5B4 /* Project object */ = {
			isa = PBXProject;
			attributes = {
				LastSwiftUpdateCheck = 0730;
				LastUpgradeCheck = 0730;
				ORGANIZATIONNAME = "Chirag Ramani";
				TargetAttributes = {
					46E866671D1454CF0044F5B4 = {
						CreatedOnToolsVersion = 7.3.1;
					};
					46E8667B1D1454CF0044F5B4 = {
						CreatedOnToolsVersion = 7.3.1;
						TestTargetID = 46E866671D1454CF0044F5B4;
					};
					46E866861D1454CF0044F5B4 = {
						CreatedOnToolsVersion = 7.3.1;
						TestTargetID = 46E866671D1454CF0044F5B4;
					};
				};
			};
			buildConfigurationList = 46E866631D1454CF0044F5B4 /* Build configuration list for PBXProject "Virtual Tourist" */;
			compatibilityVersion = "Xcode 3.2";
			developmentRegion = English;
			hasScannedForEncodings = 0;
			knownRegions = (
				en,
				Base,
			);
			mainGroup = 46E8665F1D1454CF0044F5B4;
			productRefGroup = 46E866691D1454CF0044F5B4 /* Products */;
			projectDirPath = "";
			projectRoot = "";
			targets = (
				46E866671D1454CF0044F5B4 /* Virtual Tourist */,
				46E8667B1D1454CF0044F5B4 /* Virtual TouristTests */,
				46E866861D1454CF0044F5B4 /* Virtual TouristUITests */,
			);
		};
/* End PBXProject section */

/* Begin PBXResourcesBuildPhase section */
		46E866661D1454CF0044F5B4 /* Resources */ = {
			isa = PBXResourcesBuildPhase;
			buildActionMask = 2147483647;
			files = (
				46E866761D1454CF0044F5B4 /* LaunchScreen.storyboard in Resources */,
				46E866731D1454CF0044F5B4 /* Assets.xcassets in Resources */,
				46E866CB1D16911E0044F5B4 /* placeholder.jpeg in Resources */,
				46E866711D1454CF0044F5B4 /* Main.storyboard in Resources */,
			);
			runOnlyForDeploymentPostprocessing = 0;
		};
		46E8667A1D1454CF0044F5B4 /* Resources */ = {
			isa = PBXResourcesBuildPhase;
			buildActionMask = 2147483647;
			files = (
			);
			runOnlyForDeploymentPostprocessing = 0;
		};
		46E866851D1454CF0044F5B4 /* Resources */ = {
			isa = PBXResourcesBuildPhase;
			buildActionMask = 2147483647;
			files = (
			);
			runOnlyForDeploymentPostprocessing = 0;
		};
/* End PBXResourcesBuildPhase section */

/* Begin PBXSourcesBuildPhase section */
		46E866641D1454CF0044F5B4 /* Sources */ = {
			isa = PBXSourcesBuildPhase;
			buildActionMask = 2147483647;
			files = (
				46E866DF1D16CC280044F5B4 /* Photos.swift in Sources */,
				46E866A71D1523E20044F5B4 /* CoreDataStack.swift in Sources */,
				46E866AC1D1536010044F5B4 /* FlickrConstants.swift in Sources */,
				46E866E11D16CC280044F5B4 /* Pins.swift in Sources */,
				46E866C71D1580610044F5B4 /* gcd_blackbox.swift in Sources */,
				46E866E01D16CC280044F5B4 /* Pins+CoreDataProperties.swift in Sources */,
				46E8669A1D1456CC0044F5B4 /* TravelLocationsMapViewController.swift in Sources */,
				46E8666C1D1454CF0044F5B4 /* AppDelegate.swift in Sources */,
				46E8669D1D147D2F0044F5B4 /* PhotoAlbumViewController.swift in Sources */,
				46E866A01D1522010044F5B4 /* Model.xcdatamodeld in Sources */,
				46E866AE1D1536120044F5B4 /* FlickrConvenience.swift in Sources */,
				46E866C91D15EDE60044F5B4 /* PhotoCollectionViewCell.swift in Sources */,
				46E866AA1D1535F50044F5B4 /* FlickrClient.swift in Sources */,
				46E866DE1D16CC280044F5B4 /* Photos+CoreDataProperties.swift in Sources */,
			);
			runOnlyForDeploymentPostprocessing = 0;
		};
		46E866781D1454CF0044F5B4 /* Sources */ = {
			isa = PBXSourcesBuildPhase;
			buildActionMask = 2147483647;
			files = (
				46E866811D1454CF0044F5B4 /* Virtual_TouristTests.swift in Sources */,
			);
			runOnlyForDeploymentPostprocessing = 0;
		};
		46E866831D1454CF0044F5B4 /* Sources */ = {
			isa = PBXSourcesBuildPhase;
			buildActionMask = 2147483647;
			files = (
				46E8668C1D1454CF0044F5B4 /* Virtual_TouristUITests.swift in Sources */,
			);
			runOnlyForDeploymentPostprocessing = 0;
		};
/* End PBXSourcesBuildPhase section */

/* Begin PBXTargetDependency section */
		46E8667E1D1454CF0044F5B4 /* PBXTargetDependency */ = {
			isa = PBXTargetDependency;
			target = 46E866671D1454CF0044F5B4 /* Virtual Tourist */;
			targetProxy = 46E8667D1D1454CF0044F5B4 /* PBXContainerItemProxy */;
		};
		46E866891D1454CF0044F5B4 /* PBXTargetDependency */ = {
			isa = PBXTargetDependency;
			target = 46E866671D1454CF0044F5B4 /* Virtual Tourist */;
			targetProxy = 46E866881D1454CF0044F5B4 /* PBXContainerItemProxy */;
		};
/* End PBXTargetDependency section */

/* Begin PBXVariantGroup section */
		46E8666F1D1454CF0044F5B4 /* Main.storyboard */ = {
			isa = PBXVariantGroup;
			children = (
				46E866701D1454CF0044F5B4 /* Base */,
			);
			name = Main.storyboard;
			sourceTree = "<group>";
		};
		46E866741D1454CF0044F5B4 /* LaunchScreen.storyboard */ = {
			isa = PBXVariantGroup;
			children = (
				46E866751D1454CF0044F5B4 /* Base */,
			);
			name = LaunchScreen.storyboard;
			sourceTree = "<group>";
		};
/* End PBXVariantGroup section */

/* Begin XCBuildConfiguration section */
		46E8668E1D1454CF0044F5B4 /* Debug */ = {
			isa = XCBuildConfiguration;
			buildSettings = {
				ALWAYS_SEARCH_USER_PATHS = NO;
				CLANG_ANALYZER_NONNULL = YES;
				CLANG_CXX_LANGUAGE_STANDARD = "gnu++0x";
				CLANG_CXX_LIBRARY = "libc++";
				CLANG_ENABLE_MODULES = YES;
				CLANG_ENABLE_OBJC_ARC = YES;
				CLANG_WARN_BOOL_CONVERSION = YES;
				CLANG_WARN_CONSTANT_CONVERSION = YES;
				CLANG_WARN_DIRECT_OBJC_ISA_USAGE = YES_ERROR;
				CLANG_WARN_EMPTY_BODY = YES;
				CLANG_WARN_ENUM_CONVERSION = YES;
				CLANG_WARN_INT_CONVERSION = YES;
				CLANG_WARN_OBJC_ROOT_CLASS = YES_ERROR;
				CLANG_WARN_UNREACHABLE_CODE = YES;
				CLANG_WARN__DUPLICATE_METHOD_MATCH = YES;
				"CODE_SIGN_IDENTITY[sdk=iphoneos*]" = "iPhone Developer";
				COPY_PHASE_STRIP = NO;
				DEBUG_INFORMATION_FORMAT = dwarf;
				ENABLE_STRICT_OBJC_MSGSEND = YES;
				ENABLE_TESTABILITY = YES;
				GCC_C_LANGUAGE_STANDARD = gnu99;
				GCC_DYNAMIC_NO_PIC = NO;
				GCC_NO_COMMON_BLOCKS = YES;
				GCC_OPTIMIZATION_LEVEL = 0;
				GCC_PREPROCESSOR_DEFINITIONS = (
					"DEBUG=1",
					"$(inherited)",
				);
				GCC_WARN_64_TO_32_BIT_CONVERSION = YES;
				GCC_WARN_ABOUT_RETURN_TYPE = YES_ERROR;
				GCC_WARN_UNDECLARED_SELECTOR = YES;
				GCC_WARN_UNINITIALIZED_AUTOS = YES_AGGRESSIVE;
				GCC_WARN_UNUSED_FUNCTION = YES;
				GCC_WARN_UNUSED_VARIABLE = YES;
				IPHONEOS_DEPLOYMENT_TARGET = 9.3;
				MTL_ENABLE_DEBUG_INFO = YES;
				ONLY_ACTIVE_ARCH = YES;
				SDKROOT = iphoneos;
				SWIFT_OPTIMIZATION_LEVEL = "-Onone";
				TARGETED_DEVICE_FAMILY = "1,2";
			};
			name = Debug;
		};
		46E8668F1D1454CF0044F5B4 /* Release */ = {
			isa = XCBuildConfiguration;
			buildSettings = {
				ALWAYS_SEARCH_USER_PATHS = NO;
				CLANG_ANALYZER_NONNULL = YES;
				CLANG_CXX_LANGUAGE_STANDARD = "gnu++0x";
				CLANG_CXX_LIBRARY = "libc++";
				CLANG_ENABLE_MODULES = YES;
				CLANG_ENABLE_OBJC_ARC = YES;
				CLANG_WARN_BOOL_CONVERSION = YES;
				CLANG_WARN_CONSTANT_CONVERSION = YES;
				CLANG_WARN_DIRECT_OBJC_ISA_USAGE = YES_ERROR;
				CLANG_WARN_EMPTY_BODY = YES;
				CLANG_WARN_ENUM_CONVERSION = YES;
				CLANG_WARN_INT_CONVERSION = YES;
				CLANG_WARN_OBJC_ROOT_CLASS = YES_ERROR;
				CLANG_WARN_UNREACHABLE_CODE = YES;
				CLANG_WARN__DUPLICATE_METHOD_MATCH = YES;
				"CODE_SIGN_IDENTITY[sdk=iphoneos*]" = "iPhone Developer";
				COPY_PHASE_STRIP = NO;
				DEBUG_INFORMATION_FORMAT = "dwarf-with-dsym";
				ENABLE_NS_ASSERTIONS = NO;
				ENABLE_STRICT_OBJC_MSGSEND = YES;
				GCC_C_LANGUAGE_STANDARD = gnu99;
				GCC_NO_COMMON_BLOCKS = YES;
				GCC_WARN_64_TO_32_BIT_CONVERSION = YES;
				GCC_WARN_ABOUT_RETURN_TYPE = YES_ERROR;
				GCC_WARN_UNDECLARED_SELECTOR = YES;
				GCC_WARN_UNINITIALIZED_AUTOS = YES_AGGRESSIVE;
				GCC_WARN_UNUSED_FUNCTION = YES;
				GCC_WARN_UNUSED_VARIABLE = YES;
				IPHONEOS_DEPLOYMENT_TARGET = 9.3;
				MTL_ENABLE_DEBUG_INFO = NO;
				SDKROOT = iphoneos;
				TARGETED_DEVICE_FAMILY = "1,2";
				VALIDATE_PRODUCT = YES;
			};
			name = Release;
		};
		46E866911D1454CF0044F5B4 /* Debug */ = {
			isa = XCBuildConfiguration;
			buildSettings = {
				ASSETCATALOG_COMPILER_APPICON_NAME = AppIcon;
				INFOPLIST_FILE = "Virtual Tourist/Info.plist";
				LD_RUNPATH_SEARCH_PATHS = "$(inherited) @executable_path/Frameworks";
				PRODUCT_BUNDLE_IDENTIFIER = "self.Virtual-Tourist";
				PRODUCT_NAME = "$(TARGET_NAME)";
			};
			name = Debug;
		};
		46E866921D1454CF0044F5B4 /* Release */ = {
			isa = XCBuildConfiguration;
			buildSettings = {
				ASSETCATALOG_COMPILER_APPICON_NAME = AppIcon;
				INFOPLIST_FILE = "Virtual Tourist/Info.plist";
				LD_RUNPATH_SEARCH_PATHS = "$(inherited) @executable_path/Frameworks";
				PRODUCT_BUNDLE_IDENTIFIER = "self.Virtual-Tourist";
				PRODUCT_NAME = "$(TARGET_NAME)";
			};
			name = Release;
		};
		46E866941D1454CF0044F5B4 /* Debug */ = {
			isa = XCBuildConfiguration;
			buildSettings = {
				BUNDLE_LOADER = "$(TEST_HOST)";
				INFOPLIST_FILE = "Virtual TouristTests/Info.plist";
				LD_RUNPATH_SEARCH_PATHS = "$(inherited) @executable_path/Frameworks @loader_path/Frameworks";
				PRODUCT_BUNDLE_IDENTIFIER = "self.Virtual-TouristTests";
				PRODUCT_NAME = "$(TARGET_NAME)";
				TEST_HOST = "$(BUILT_PRODUCTS_DIR)/Virtual Tourist.app/Virtual Tourist";
			};
			name = Debug;
		};
		46E866951D1454CF0044F5B4 /* Release */ = {
			isa = XCBuildConfiguration;
			buildSettings = {
				BUNDLE_LOADER = "$(TEST_HOST)";
				INFOPLIST_FILE = "Virtual TouristTests/Info.plist";
				LD_RUNPATH_SEARCH_PATHS = "$(inherited) @executable_path/Frameworks @loader_path/Frameworks";
				PRODUCT_BUNDLE_IDENTIFIER = "self.Virtual-TouristTests";
				PRODUCT_NAME = "$(TARGET_NAME)";
				TEST_HOST = "$(BUILT_PRODUCTS_DIR)/Virtual Tourist.app/Virtual Tourist";
			};
			name = Release;
		};
		46E866971D1454CF0044F5B4 /* Debug */ = {
			isa = XCBuildConfiguration;
			buildSettings = {
				INFOPLIST_FILE = "Virtual TouristUITests/Info.plist";
				LD_RUNPATH_SEARCH_PATHS = "$(inherited) @executable_path/Frameworks @loader_path/Frameworks";
				PRODUCT_BUNDLE_IDENTIFIER = "self.Virtual-TouristUITests";
				PRODUCT_NAME = "$(TARGET_NAME)";
				TEST_TARGET_NAME = "Virtual Tourist";
			};
			name = Debug;
		};
		46E866981D1454CF0044F5B4 /* Release */ = {
			isa = XCBuildConfiguration;
			buildSettings = {
				INFOPLIST_FILE = "Virtual TouristUITests/Info.plist";
				LD_RUNPATH_SEARCH_PATHS = "$(inherited) @executable_path/Frameworks @loader_path/Frameworks";
				PRODUCT_BUNDLE_IDENTIFIER = "self.Virtual-TouristUITests";
				PRODUCT_NAME = "$(TARGET_NAME)";
				TEST_TARGET_NAME = "Virtual Tourist";
			};
			name = Release;
		};
/* End XCBuildConfiguration section */

/* Begin XCConfigurationList section */
		46E866631D1454CF0044F5B4 /* Build configuration list for PBXProject "Virtual Tourist" */ = {
			isa = XCConfigurationList;
			buildConfigurations = (
				46E8668E1D1454CF0044F5B4 /* Debug */,
				46E8668F1D1454CF0044F5B4 /* Release */,
			);
			defaultConfigurationIsVisible = 0;
			defaultConfigurationName = Release;
		};
		46E866901D1454CF0044F5B4 /* Build configuration list for PBXNativeTarget "Virtual Tourist" */ = {
			isa = XCConfigurationList;
			buildConfigurations = (
				46E866911D1454CF0044F5B4 /* Debug */,
				46E866921D1454CF0044F5B4 /* Release */,
			);
			defaultConfigurationIsVisible = 0;
		};
		46E866931D1454CF0044F5B4 /* Build configuration list for PBXNativeTarget "Virtual TouristTests" */ = {
			isa = XCConfigurationList;
			buildConfigurations = (
				46E866941D1454CF0044F5B4 /* Debug */,
				46E866951D1454CF0044F5B4 /* Release */,
			);
			defaultConfigurationIsVisible = 0;
		};
		46E866961D1454CF0044F5B4 /* Build configuration list for PBXNativeTarget "Virtual TouristUITests" */ = {
			isa = XCConfigurationList;
			buildConfigurations = (
				46E866971D1454CF0044F5B4 /* Debug */,
				46E866981D1454CF0044F5B4 /* Release */,
			);
			defaultConfigurationIsVisible = 0;
		};
/* End XCConfigurationList section */

/* Begin XCVersionGroup section */
		46E8669E1D1522010044F5B4 /* Model.xcdatamodeld */ = {
			isa = XCVersionGroup;
			children = (
				46E866D91D16CB2F0044F5B4 /* Model5.xcdatamodel */,
				46E866CC1D16C7930044F5B4 /* Model4.xcdatamodel */,
				46E866B01D15546B0044F5B4 /* Model3.xcdatamodel */,
				46E866AF1D154AAB0044F5B4 /* Model2.xcdatamodel */,
				46E8669F1D1522010044F5B4 /* Model.xcdatamodel */,
			);
			currentVersion = 46E866D91D16CB2F0044F5B4 /* Model5.xcdatamodel */;
			name = Model.xcdatamodeld;
			path = "Virtual Tourist/Model.xcdatamodeld";
			sourceTree = "<group>";
			versionGroupType = wrapper.xcdatamodel;
		};
/* End XCVersionGroup section */
	};
	rootObject = 46E866601D1454CF0044F5B4 /* Project object */;
}
